// !$*UTF8*$!
{
	archiveVersion = 1;
	classes = {
	};
	objectVersion = 56;
	objects = {

/* Begin PBXBuildFile section */
		E47657DB2C1ACDF800844246 /* FriendCardsRowView.swift in Sources */ = {isa = PBXBuildFile; fileRef = E47657DA2C1ACDF800844246 /* FriendCardsRowView.swift */; };
		E47CFDD62C1AC017000C1F8D /* FriendCardView.swift in Sources */ = {isa = PBXBuildFile; fileRef = E47CFDD52C1AC017000C1F8D /* FriendCardView.swift */; };
		E49215C02C17AEF200A52F45 /* wavelengthApp.swift in Sources */ = {isa = PBXBuildFile; fileRef = E49215BF2C17AEF200A52F45 /* wavelengthApp.swift */; };
		E49215C22C17AEF200A52F45 /* ContentView.swift in Sources */ = {isa = PBXBuildFile; fileRef = E49215C12C17AEF200A52F45 /* ContentView.swift */; };
		E49215C42C17AEF300A52F45 /* Assets.xcassets in Resources */ = {isa = PBXBuildFile; fileRef = E49215C32C17AEF300A52F45 /* Assets.xcassets */; };
		E49215C72C17AEF300A52F45 /* Preview Assets.xcassets in Resources */ = {isa = PBXBuildFile; fileRef = E49215C62C17AEF300A52F45 /* Preview Assets.xcassets */; };
		E49215D12C17AEF300A52F45 /* wavelengthTests.swift in Sources */ = {isa = PBXBuildFile; fileRef = E49215D02C17AEF300A52F45 /* wavelengthTests.swift */; };
		E49215DB2C17AEF300A52F45 /* wavelengthUITests.swift in Sources */ = {isa = PBXBuildFile; fileRef = E49215DA2C17AEF300A52F45 /* wavelengthUITests.swift */; };
		E49215DD2C17AEF300A52F45 /* wavelengthUITestsLaunchTests.swift in Sources */ = {isa = PBXBuildFile; fileRef = E49215DC2C17AEF300A52F45 /* wavelengthUITestsLaunchTests.swift */; };
		E49215EA2C17BBAC00A52F45 /* FriendsView.swift in Sources */ = {isa = PBXBuildFile; fileRef = E49215E92C17BBAC00A52F45 /* FriendsView.swift */; };
		E49215EC2C17C09800A52F45 /* SettingsView.swift in Sources */ = {isa = PBXBuildFile; fileRef = E49215EB2C17C09800A52F45 /* SettingsView.swift */; };
		E49215EE2C17F4EC00A52F45 /* ChatView.swift in Sources */ = {isa = PBXBuildFile; fileRef = E49215ED2C17F4EC00A52F45 /* ChatView.swift */; };
/* End PBXBuildFile section */

/* Begin PBXContainerItemProxy section */
		E49215CD2C17AEF300A52F45 /* PBXContainerItemProxy */ = {
			isa = PBXContainerItemProxy;
			containerPortal = E49215B42C17AEF200A52F45 /* Project object */;
			proxyType = 1;
			remoteGlobalIDString = E49215BB2C17AEF200A52F45;
			remoteInfo = wavelength;
		};
		E49215D72C17AEF300A52F45 /* PBXContainerItemProxy */ = {
			isa = PBXContainerItemProxy;
			containerPortal = E49215B42C17AEF200A52F45 /* Project object */;
			proxyType = 1;
			remoteGlobalIDString = E49215BB2C17AEF200A52F45;
			remoteInfo = wavelength;
		};
/* End PBXContainerItemProxy section */

/* Begin PBXFileReference section */
		E47657DA2C1ACDF800844246 /* FriendCardsRowView.swift */ = {isa = PBXFileReference; lastKnownFileType = sourcecode.swift; path = FriendCardsRowView.swift; sourceTree = "<group>"; };
		E47CFDD52C1AC017000C1F8D /* FriendCardView.swift */ = {isa = PBXFileReference; lastKnownFileType = sourcecode.swift; path = FriendCardView.swift; sourceTree = "<group>"; };
		E49215BC2C17AEF200A52F45 /* wavelength.app */ = {isa = PBXFileReference; explicitFileType = wrapper.application; includeInIndex = 0; path = wavelength.app; sourceTree = BUILT_PRODUCTS_DIR; };
		E49215BF2C17AEF200A52F45 /* wavelengthApp.swift */ = {isa = PBXFileReference; lastKnownFileType = sourcecode.swift; path = wavelengthApp.swift; sourceTree = "<group>"; };
		E49215C12C17AEF200A52F45 /* ContentView.swift */ = {isa = PBXFileReference; lastKnownFileType = sourcecode.swift; path = ContentView.swift; sourceTree = "<group>"; };
		E49215C32C17AEF300A52F45 /* Assets.xcassets */ = {isa = PBXFileReference; lastKnownFileType = folder.assetcatalog; path = Assets.xcassets; sourceTree = "<group>"; };
		E49215C62C17AEF300A52F45 /* Preview Assets.xcassets */ = {isa = PBXFileReference; lastKnownFileType = folder.assetcatalog; path = "Preview Assets.xcassets"; sourceTree = "<group>"; };
		E49215CC2C17AEF300A52F45 /* wavelengthTests.xctest */ = {isa = PBXFileReference; explicitFileType = wrapper.cfbundle; includeInIndex = 0; path = wavelengthTests.xctest; sourceTree = BUILT_PRODUCTS_DIR; };
		E49215D02C17AEF300A52F45 /* wavelengthTests.swift */ = {isa = PBXFileReference; lastKnownFileType = sourcecode.swift; path = wavelengthTests.swift; sourceTree = "<group>"; };
		E49215D62C17AEF300A52F45 /* wavelengthUITests.xctest */ = {isa = PBXFileReference; explicitFileType = wrapper.cfbundle; includeInIndex = 0; path = wavelengthUITests.xctest; sourceTree = BUILT_PRODUCTS_DIR; };
		E49215DA2C17AEF300A52F45 /* wavelengthUITests.swift */ = {isa = PBXFileReference; lastKnownFileType = sourcecode.swift; path = wavelengthUITests.swift; sourceTree = "<group>"; };
		E49215DC2C17AEF300A52F45 /* wavelengthUITestsLaunchTests.swift */ = {isa = PBXFileReference; lastKnownFileType = sourcecode.swift; path = wavelengthUITestsLaunchTests.swift; sourceTree = "<group>"; };
		E49215E92C17BBAC00A52F45 /* FriendsView.swift */ = {isa = PBXFileReference; lastKnownFileType = sourcecode.swift; path = FriendsView.swift; sourceTree = "<group>"; };
		E49215EB2C17C09800A52F45 /* SettingsView.swift */ = {isa = PBXFileReference; lastKnownFileType = sourcecode.swift; path = SettingsView.swift; sourceTree = "<group>"; };
		E49215ED2C17F4EC00A52F45 /* ChatView.swift */ = {isa = PBXFileReference; lastKnownFileType = sourcecode.swift; path = ChatView.swift; sourceTree = "<group>"; };
/* End PBXFileReference section */

/* Begin PBXFrameworksBuildPhase section */
		E49215B92C17AEF200A52F45 /* Frameworks */ = {
			isa = PBXFrameworksBuildPhase;
			buildActionMask = 2147483647;
			files = (
			);
			runOnlyForDeploymentPostprocessing = 0;
		};
		E49215C92C17AEF300A52F45 /* Frameworks */ = {
			isa = PBXFrameworksBuildPhase;
			buildActionMask = 2147483647;
			files = (
			);
			runOnlyForDeploymentPostprocessing = 0;
		};
		E49215D32C17AEF300A52F45 /* Frameworks */ = {
			isa = PBXFrameworksBuildPhase;
			buildActionMask = 2147483647;
			files = (
			);
			runOnlyForDeploymentPostprocessing = 0;
		};
/* End PBXFrameworksBuildPhase section */

/* Begin PBXGroup section */
		E47657D92C1ACC3E00844246 /* Friends */ = {
			isa = PBXGroup;
			children = (
				E49215E92C17BBAC00A52F45 /* FriendsView.swift */,
				E47CFDD52C1AC017000C1F8D /* FriendCardView.swift */,
				E47657DA2C1ACDF800844246 /* FriendCardsRowView.swift */,
			);
			path = Friends;
			sourceTree = "<group>";
		};
		E47CFDD72C1ACBC5000C1F8D /* View */ = {
			isa = PBXGroup;
			children = (
				E49215C12C17AEF200A52F45 /* ContentView.swift */,
				E47657D92C1ACC3E00844246 /* Friends */,
				E49215EB2C17C09800A52F45 /* SettingsView.swift */,
				E49215ED2C17F4EC00A52F45 /* ChatView.swift */,
			);
			path = View;
			sourceTree = "<group>";
		};
		E49215B32C17AEF200A52F45 = {
			isa = PBXGroup;
			children = (
				E49215BE2C17AEF200A52F45 /* wavelength */,
				E49215CF2C17AEF300A52F45 /* wavelengthTests */,
				E49215D92C17AEF300A52F45 /* wavelengthUITests */,
				E49215BD2C17AEF200A52F45 /* Products */,
			);
			sourceTree = "<group>";
		};
		E49215BD2C17AEF200A52F45 /* Products */ = {
			isa = PBXGroup;
			children = (
				E49215BC2C17AEF200A52F45 /* wavelength.app */,
				E49215CC2C17AEF300A52F45 /* wavelengthTests.xctest */,
				E49215D62C17AEF300A52F45 /* wavelengthUITests.xctest */,
			);
			name = Products;
			sourceTree = "<group>";
		};
		E49215BE2C17AEF200A52F45 /* wavelength */ = {
			isa = PBXGroup;
			children = (
				E47CFDD72C1ACBC5000C1F8D /* View */,
				E49215BF2C17AEF200A52F45 /* wavelengthApp.swift */,
				E49215C32C17AEF300A52F45 /* Assets.xcassets */,
				E49215C52C17AEF300A52F45 /* Preview Content */,
			);
			path = wavelength;
			sourceTree = "<group>";
		};
		E49215C52C17AEF300A52F45 /* Preview Content */ = {
			isa = PBXGroup;
			children = (
				E49215C62C17AEF300A52F45 /* Preview Assets.xcassets */,
			);
			path = "Preview Content";
			sourceTree = "<group>";
		};
		E49215CF2C17AEF300A52F45 /* wavelengthTests */ = {
			isa = PBXGroup;
			children = (
				E49215D02C17AEF300A52F45 /* wavelengthTests.swift */,
			);
			path = wavelengthTests;
			sourceTree = "<group>";
		};
		E49215D92C17AEF300A52F45 /* wavelengthUITests */ = {
			isa = PBXGroup;
			children = (
				E49215DA2C17AEF300A52F45 /* wavelengthUITests.swift */,
				E49215DC2C17AEF300A52F45 /* wavelengthUITestsLaunchTests.swift */,
			);
			path = wavelengthUITests;
			sourceTree = "<group>";
		};
/* End PBXGroup section */

/* Begin PBXNativeTarget section */
		E49215BB2C17AEF200A52F45 /* wavelength */ = {
			isa = PBXNativeTarget;
			buildConfigurationList = E49215E02C17AEF300A52F45 /* Build configuration list for PBXNativeTarget "wavelength" */;
			buildPhases = (
				E49215B82C17AEF200A52F45 /* Sources */,
				E49215B92C17AEF200A52F45 /* Frameworks */,
				E49215BA2C17AEF200A52F45 /* Resources */,
			);
			buildRules = (
			);
			dependencies = (
			);
			name = wavelength;
			productName = wavelength;
			productReference = E49215BC2C17AEF200A52F45 /* wavelength.app */;
			productType = "com.apple.product-type.application";
		};
		E49215CB2C17AEF300A52F45 /* wavelengthTests */ = {
			isa = PBXNativeTarget;
			buildConfigurationList = E49215E32C17AEF300A52F45 /* Build configuration list for PBXNativeTarget "wavelengthTests" */;
			buildPhases = (
				E49215C82C17AEF300A52F45 /* Sources */,
				E49215C92C17AEF300A52F45 /* Frameworks */,
				E49215CA2C17AEF300A52F45 /* Resources */,
			);
			buildRules = (
			);
			dependencies = (
				E49215CE2C17AEF300A52F45 /* PBXTargetDependency */,
			);
			name = wavelengthTests;
			productName = wavelengthTests;
			productReference = E49215CC2C17AEF300A52F45 /* wavelengthTests.xctest */;
			productType = "com.apple.product-type.bundle.unit-test";
		};
		E49215D52C17AEF300A52F45 /* wavelengthUITests */ = {
			isa = PBXNativeTarget;
			buildConfigurationList = E49215E62C17AEF300A52F45 /* Build configuration list for PBXNativeTarget "wavelengthUITests" */;
			buildPhases = (
				E49215D22C17AEF300A52F45 /* Sources */,
				E49215D32C17AEF300A52F45 /* Frameworks */,
				E49215D42C17AEF300A52F45 /* Resources */,
			);
			buildRules = (
			);
			dependencies = (
				E49215D82C17AEF300A52F45 /* PBXTargetDependency */,
			);
			name = wavelengthUITests;
			productName = wavelengthUITests;
			productReference = E49215D62C17AEF300A52F45 /* wavelengthUITests.xctest */;
			productType = "com.apple.product-type.bundle.ui-testing";
		};
/* End PBXNativeTarget section */

/* Begin PBXProject section */
		E49215B42C17AEF200A52F45 /* Project object */ = {
			isa = PBXProject;
			attributes = {
				BuildIndependentTargetsInParallel = 1;
				LastSwiftUpdateCheck = 1540;
				LastUpgradeCheck = 1540;
				TargetAttributes = {
					E49215BB2C17AEF200A52F45 = {
						CreatedOnToolsVersion = 15.4;
					};
					E49215CB2C17AEF300A52F45 = {
						CreatedOnToolsVersion = 15.4;
						TestTargetID = E49215BB2C17AEF200A52F45;
					};
					E49215D52C17AEF300A52F45 = {
						CreatedOnToolsVersion = 15.4;
						TestTargetID = E49215BB2C17AEF200A52F45;
					};
				};
			};
			buildConfigurationList = E49215B72C17AEF200A52F45 /* Build configuration list for PBXProject "wavelength" */;
			compatibilityVersion = "Xcode 14.0";
			developmentRegion = en;
			hasScannedForEncodings = 0;
			knownRegions = (
				en,
				Base,
			);
			mainGroup = E49215B32C17AEF200A52F45;
			productRefGroup = E49215BD2C17AEF200A52F45 /* Products */;
			projectDirPath = "";
			projectRoot = "";
			targets = (
				E49215BB2C17AEF200A52F45 /* wavelength */,
				E49215CB2C17AEF300A52F45 /* wavelengthTests */,
				E49215D52C17AEF300A52F45 /* wavelengthUITests */,
			);
		};
/* End PBXProject section */

/* Begin PBXResourcesBuildPhase section */
		E49215BA2C17AEF200A52F45 /* Resources */ = {
			isa = PBXResourcesBuildPhase;
			buildActionMask = 2147483647;
			files = (
				E49215C72C17AEF300A52F45 /* Preview Assets.xcassets in Resources */,
				E49215C42C17AEF300A52F45 /* Assets.xcassets in Resources */,
			);
			runOnlyForDeploymentPostprocessing = 0;
		};
		E49215CA2C17AEF300A52F45 /* Resources */ = {
			isa = PBXResourcesBuildPhase;
			buildActionMask = 2147483647;
			files = (
			);
			runOnlyForDeploymentPostprocessing = 0;
		};
		E49215D42C17AEF300A52F45 /* Resources */ = {
			isa = PBXResourcesBuildPhase;
			buildActionMask = 2147483647;
			files = (
			);
			runOnlyForDeploymentPostprocessing = 0;
		};
/* End PBXResourcesBuildPhase section */

/* Begin PBXSourcesBuildPhase section */
		E49215B82C17AEF200A52F45 /* Sources */ = {
			isa = PBXSourcesBuildPhase;
			buildActionMask = 2147483647;
			files = (
				E49215EA2C17BBAC00A52F45 /* FriendsView.swift in Sources */,
				E49215C22C17AEF200A52F45 /* ContentView.swift in Sources */,
				E49215EE2C17F4EC00A52F45 /* ChatView.swift in Sources */,
				E49215EC2C17C09800A52F45 /* SettingsView.swift in Sources */,
				E47CFDD62C1AC017000C1F8D /* FriendCardView.swift in Sources */,
				E49215C02C17AEF200A52F45 /* wavelengthApp.swift in Sources */,
				E47657DB2C1ACDF800844246 /* FriendCardsRowView.swift in Sources */,
			);
			runOnlyForDeploymentPostprocessing = 0;
		};
		E49215C82C17AEF300A52F45 /* Sources */ = {
			isa = PBXSourcesBuildPhase;
			buildActionMask = 2147483647;
			files = (
				E49215D12C17AEF300A52F45 /* wavelengthTests.swift in Sources */,
			);
			runOnlyForDeploymentPostprocessing = 0;
		};
		E49215D22C17AEF300A52F45 /* Sources */ = {
			isa = PBXSourcesBuildPhase;
			buildActionMask = 2147483647;
			files = (
				E49215DB2C17AEF300A52F45 /* wavelengthUITests.swift in Sources */,
				E49215DD2C17AEF300A52F45 /* wavelengthUITestsLaunchTests.swift in Sources */,
			);
			runOnlyForDeploymentPostprocessing = 0;
		};
/* End PBXSourcesBuildPhase section */

/* Begin PBXTargetDependency section */
		E49215CE2C17AEF300A52F45 /* PBXTargetDependency */ = {
			isa = PBXTargetDependency;
			target = E49215BB2C17AEF200A52F45 /* wavelength */;
			targetProxy = E49215CD2C17AEF300A52F45 /* PBXContainerItemProxy */;
		};
		E49215D82C17AEF300A52F45 /* PBXTargetDependency */ = {
			isa = PBXTargetDependency;
			target = E49215BB2C17AEF200A52F45 /* wavelength */;
			targetProxy = E49215D72C17AEF300A52F45 /* PBXContainerItemProxy */;
		};
/* End PBXTargetDependency section */

/* Begin XCBuildConfiguration section */
		E49215DE2C17AEF300A52F45 /* Debug */ = {
			isa = XCBuildConfiguration;
			buildSettings = {
				ALWAYS_SEARCH_USER_PATHS = NO;
				ASSETCATALOG_COMPILER_GENERATE_SWIFT_ASSET_SYMBOL_EXTENSIONS = YES;
				CLANG_ANALYZER_NONNULL = YES;
				CLANG_ANALYZER_NUMBER_OBJECT_CONVERSION = YES_AGGRESSIVE;
				CLANG_CXX_LANGUAGE_STANDARD = "gnu++20";
				CLANG_ENABLE_MODULES = YES;
				CLANG_ENABLE_OBJC_ARC = YES;
				CLANG_ENABLE_OBJC_WEAK = YES;
				CLANG_WARN_BLOCK_CAPTURE_AUTORELEASING = YES;
				CLANG_WARN_BOOL_CONVERSION = YES;
				CLANG_WARN_COMMA = YES;
				CLANG_WARN_CONSTANT_CONVERSION = YES;
				CLANG_WARN_DEPRECATED_OBJC_IMPLEMENTATIONS = YES;
				CLANG_WARN_DIRECT_OBJC_ISA_USAGE = YES_ERROR;
				CLANG_WARN_DOCUMENTATION_COMMENTS = YES;
				CLANG_WARN_EMPTY_BODY = YES;
				CLANG_WARN_ENUM_CONVERSION = YES;
				CLANG_WARN_INFINITE_RECURSION = YES;
				CLANG_WARN_INT_CONVERSION = YES;
				CLANG_WARN_NON_LITERAL_NULL_CONVERSION = YES;
				CLANG_WARN_OBJC_IMPLICIT_RETAIN_SELF = YES;
				CLANG_WARN_OBJC_LITERAL_CONVERSION = YES;
				CLANG_WARN_OBJC_ROOT_CLASS = YES_ERROR;
				CLANG_WARN_QUOTED_INCLUDE_IN_FRAMEWORK_HEADER = YES;
				CLANG_WARN_RANGE_LOOP_ANALYSIS = YES;
				CLANG_WARN_STRICT_PROTOTYPES = YES;
				CLANG_WARN_SUSPICIOUS_MOVE = YES;
				CLANG_WARN_UNGUARDED_AVAILABILITY = YES_AGGRESSIVE;
				CLANG_WARN_UNREACHABLE_CODE = YES;
				CLANG_WARN__DUPLICATE_METHOD_MATCH = YES;
				COPY_PHASE_STRIP = NO;
				DEBUG_INFORMATION_FORMAT = dwarf;
				ENABLE_STRICT_OBJC_MSGSEND = YES;
				ENABLE_TESTABILITY = YES;
				ENABLE_USER_SCRIPT_SANDBOXING = YES;
				GCC_C_LANGUAGE_STANDARD = gnu17;
				GCC_DYNAMIC_NO_PIC = NO;
				GCC_NO_COMMON_BLOCKS = YES;
				GCC_OPTIMIZATION_LEVEL = 0;
				GCC_PREPROCESSOR_DEFINITIONS = (
					"DEBUG=1",
					"$(inherited)",
				);
				GCC_WARN_64_TO_32_BIT_CONVERSION = YES;
				GCC_WARN_ABOUT_RETURN_TYPE = YES_ERROR;
				GCC_WARN_UNDECLARED_SELECTOR = YES;
				GCC_WARN_UNINITIALIZED_AUTOS = YES_AGGRESSIVE;
				GCC_WARN_UNUSED_FUNCTION = YES;
				GCC_WARN_UNUSED_VARIABLE = YES;
				IPHONEOS_DEPLOYMENT_TARGET = 17.5;
				LOCALIZATION_PREFERS_STRING_CATALOGS = YES;
				MTL_ENABLE_DEBUG_INFO = INCLUDE_SOURCE;
				MTL_FAST_MATH = YES;
				ONLY_ACTIVE_ARCH = YES;
				SDKROOT = iphoneos;
				SWIFT_ACTIVE_COMPILATION_CONDITIONS = "DEBUG $(inherited)";
				SWIFT_OPTIMIZATION_LEVEL = "-Onone";
			};
			name = Debug;
		};
		E49215DF2C17AEF300A52F45 /* Release */ = {
			isa = XCBuildConfiguration;
			buildSettings = {
				ALWAYS_SEARCH_USER_PATHS = NO;
				ASSETCATALOG_COMPILER_GENERATE_SWIFT_ASSET_SYMBOL_EXTENSIONS = YES;
				CLANG_ANALYZER_NONNULL = YES;
				CLANG_ANALYZER_NUMBER_OBJECT_CONVERSION = YES_AGGRESSIVE;
				CLANG_CXX_LANGUAGE_STANDARD = "gnu++20";
				CLANG_ENABLE_MODULES = YES;
				CLANG_ENABLE_OBJC_ARC = YES;
				CLANG_ENABLE_OBJC_WEAK = YES;
				CLANG_WARN_BLOCK_CAPTURE_AUTORELEASING = YES;
				CLANG_WARN_BOOL_CONVERSION = YES;
				CLANG_WARN_COMMA = YES;
				CLANG_WARN_CONSTANT_CONVERSION = YES;
				CLANG_WARN_DEPRECATED_OBJC_IMPLEMENTATIONS = YES;
				CLANG_WARN_DIRECT_OBJC_ISA_USAGE = YES_ERROR;
				CLANG_WARN_DOCUMENTATION_COMMENTS = YES;
				CLANG_WARN_EMPTY_BODY = YES;
				CLANG_WARN_ENUM_CONVERSION = YES;
				CLANG_WARN_INFINITE_RECURSION = YES;
				CLANG_WARN_INT_CONVERSION = YES;
				CLANG_WARN_NON_LITERAL_NULL_CONVERSION = YES;
				CLANG_WARN_OBJC_IMPLICIT_RETAIN_SELF = YES;
				CLANG_WARN_OBJC_LITERAL_CONVERSION = YES;
				CLANG_WARN_OBJC_ROOT_CLASS = YES_ERROR;
				CLANG_WARN_QUOTED_INCLUDE_IN_FRAMEWORK_HEADER = YES;
				CLANG_WARN_RANGE_LOOP_ANALYSIS = YES;
				CLANG_WARN_STRICT_PROTOTYPES = YES;
				CLANG_WARN_SUSPICIOUS_MOVE = YES;
				CLANG_WARN_UNGUARDED_AVAILABILITY = YES_AGGRESSIVE;
				CLANG_WARN_UNREACHABLE_CODE = YES;
				CLANG_WARN__DUPLICATE_METHOD_MATCH = YES;
				COPY_PHASE_STRIP = NO;
				DEBUG_INFORMATION_FORMAT = "dwarf-with-dsym";
				ENABLE_NS_ASSERTIONS = NO;
				ENABLE_STRICT_OBJC_MSGSEND = YES;
				ENABLE_USER_SCRIPT_SANDBOXING = YES;
				GCC_C_LANGUAGE_STANDARD = gnu17;
				GCC_NO_COMMON_BLOCKS = YES;
				GCC_WARN_64_TO_32_BIT_CONVERSION = YES;
				GCC_WARN_ABOUT_RETURN_TYPE = YES_ERROR;
				GCC_WARN_UNDECLARED_SELECTOR = YES;
				GCC_WARN_UNINITIALIZED_AUTOS = YES_AGGRESSIVE;
				GCC_WARN_UNUSED_FUNCTION = YES;
				GCC_WARN_UNUSED_VARIABLE = YES;
				IPHONEOS_DEPLOYMENT_TARGET = 17.5;
				LOCALIZATION_PREFERS_STRING_CATALOGS = YES;
				MTL_ENABLE_DEBUG_INFO = NO;
				MTL_FAST_MATH = YES;
				SDKROOT = iphoneos;
				SWIFT_COMPILATION_MODE = wholemodule;
				VALIDATE_PRODUCT = YES;
			};
			name = Release;
		};
		E49215E12C17AEF300A52F45 /* Debug */ = {
			isa = XCBuildConfiguration;
			buildSettings = {
				ASSETCATALOG_COMPILER_APPICON_NAME = AppIcon;
				ASSETCATALOG_COMPILER_GLOBAL_ACCENT_COLOR_NAME = AccentColor;
				CODE_SIGN_STYLE = Automatic;
				CURRENT_PROJECT_VERSION = 1;
				DEVELOPMENT_ASSET_PATHS = "\"wavelength/Preview Content\"";
				ENABLE_PREVIEWS = YES;
				GENERATE_INFOPLIST_FILE = YES;
				INFOPLIST_KEY_UIApplicationSceneManifest_Generation = YES;
				INFOPLIST_KEY_UIApplicationSupportsIndirectInputEvents = YES;
				INFOPLIST_KEY_UILaunchScreen_Generation = YES;
				INFOPLIST_KEY_UISupportedInterfaceOrientations_iPad = "UIInterfaceOrientationPortrait UIInterfaceOrientationPortraitUpsideDown UIInterfaceOrientationLandscapeLeft UIInterfaceOrientationLandscapeRight";
				INFOPLIST_KEY_UISupportedInterfaceOrientations_iPhone = "UIInterfaceOrientationPortrait UIInterfaceOrientationLandscapeLeft UIInterfaceOrientationLandscapeRight";
				LD_RUNPATH_SEARCH_PATHS = (
					"$(inherited)",
					"@executable_path/Frameworks",
				);
				MARKETING_VERSION = 1.0;
				PRODUCT_BUNDLE_IDENTIFIER = doeunkwon.wavelength;
				PRODUCT_NAME = "$(TARGET_NAME)";
				SWIFT_EMIT_LOC_STRINGS = YES;
				SWIFT_VERSION = 5.0;
				TARGETED_DEVICE_FAMILY = "1,2";
			};
			name = Debug;
		};
		E49215E22C17AEF300A52F45 /* Release */ = {
			isa = XCBuildConfiguration;
			buildSettings = {
				ASSETCATALOG_COMPILER_APPICON_NAME = AppIcon;
				ASSETCATALOG_COMPILER_GLOBAL_ACCENT_COLOR_NAME = AccentColor;
				CODE_SIGN_STYLE = Automatic;
				CURRENT_PROJECT_VERSION = 1;
				DEVELOPMENT_ASSET_PATHS = "\"wavelength/Preview Content\"";
				ENABLE_PREVIEWS = YES;
				GENERATE_INFOPLIST_FILE = YES;
				INFOPLIST_KEY_UIApplicationSceneManifest_Generation = YES;
				INFOPLIST_KEY_UIApplicationSupportsIndirectInputEvents = YES;
				INFOPLIST_KEY_UILaunchScreen_Generation = YES;
				INFOPLIST_KEY_UISupportedInterfaceOrientations_iPad = "UIInterfaceOrientationPortrait UIInterfaceOrientationPortraitUpsideDown UIInterfaceOrientationLandscapeLeft UIInterfaceOrientationLandscapeRight";
				INFOPLIST_KEY_UISupportedInterfaceOrientations_iPhone = "UIInterfaceOrientationPortrait UIInterfaceOrientationLandscapeLeft UIInterfaceOrientationLandscapeRight";
				LD_RUNPATH_SEARCH_PATHS = (
					"$(inherited)",
					"@executable_path/Frameworks",
				);
				MARKETING_VERSION = 1.0;
				PRODUCT_BUNDLE_IDENTIFIER = doeunkwon.wavelength;
				PRODUCT_NAME = "$(TARGET_NAME)";
				SWIFT_EMIT_LOC_STRINGS = YES;
				SWIFT_VERSION = 5.0;
				TARGETED_DEVICE_FAMILY = "1,2";
			};
			name = Release;
		};
		E49215E42C17AEF300A52F45 /* Debug */ = {
			isa = XCBuildConfiguration;
			buildSettings = {
				ALWAYS_EMBED_SWIFT_STANDARD_LIBRARIES = YES;
				BUNDLE_LOADER = "$(TEST_HOST)";
				CODE_SIGN_STYLE = Automatic;
				CURRENT_PROJECT_VERSION = 1;
				GENERATE_INFOPLIST_FILE = YES;
				IPHONEOS_DEPLOYMENT_TARGET = 17.5;
				MARKETING_VERSION = 1.0;
				PRODUCT_BUNDLE_IDENTIFIER = doeunkwon.wavelengthTests;
				PRODUCT_NAME = "$(TARGET_NAME)";
				SWIFT_EMIT_LOC_STRINGS = NO;
				SWIFT_VERSION = 5.0;
				TARGETED_DEVICE_FAMILY = "1,2";
				TEST_HOST = "$(BUILT_PRODUCTS_DIR)/wavelength.app/$(BUNDLE_EXECUTABLE_FOLDER_PATH)/wavelength";
			};
			name = Debug;
		};
		E49215E52C17AEF300A52F45 /* Release */ = {
			isa = XCBuildConfiguration;
			buildSettings = {
				ALWAYS_EMBED_SWIFT_STANDARD_LIBRARIES = YES;
				BUNDLE_LOADER = "$(TEST_HOST)";
				CODE_SIGN_STYLE = Automatic;
				CURRENT_PROJECT_VERSION = 1;
				GENERATE_INFOPLIST_FILE = YES;
				IPHONEOS_DEPLOYMENT_TARGET = 17.5;
				MARKETING_VERSION = 1.0;
				PRODUCT_BUNDLE_IDENTIFIER = doeunkwon.wavelengthTests;
				PRODUCT_NAME = "$(TARGET_NAME)";
				SWIFT_EMIT_LOC_STRINGS = NO;
				SWIFT_VERSION = 5.0;
				TARGETED_DEVICE_FAMILY = "1,2";
				TEST_HOST = "$(BUILT_PRODUCTS_DIR)/wavelength.app/$(BUNDLE_EXECUTABLE_FOLDER_PATH)/wavelength";
			};
			name = Release;
		};
		E49215E72C17AEF300A52F45 /* Debug */ = {
			isa = XCBuildConfiguration;
			buildSettings = {
				ALWAYS_EMBED_SWIFT_STANDARD_LIBRARIES = YES;
				CODE_SIGN_STYLE = Automatic;
				CURRENT_PROJECT_VERSION = 1;
				GENERATE_INFOPLIST_FILE = YES;
				MARKETING_VERSION = 1.0;
				PRODUCT_BUNDLE_IDENTIFIER = doeunkwon.wavelengthUITests;
				PRODUCT_NAME = "$(TARGET_NAME)";
				SWIFT_EMIT_LOC_STRINGS = NO;
				SWIFT_VERSION = 5.0;
				TARGETED_DEVICE_FAMILY = "1,2";
				TEST_TARGET_NAME = wavelength;
			};
			name = Debug;
		};
		E49215E82C17AEF300A52F45 /* Release */ = {
			isa = XCBuildConfiguration;
			buildSettings = {
				ALWAYS_EMBED_SWIFT_STANDARD_LIBRARIES = YES;
				CODE_SIGN_STYLE = Automatic;
				CURRENT_PROJECT_VERSION = 1;
				GENERATE_INFOPLIST_FILE = YES;
				MARKETING_VERSION = 1.0;
				PRODUCT_BUNDLE_IDENTIFIER = doeunkwon.wavelengthUITests;
				PRODUCT_NAME = "$(TARGET_NAME)";
				SWIFT_EMIT_LOC_STRINGS = NO;
				SWIFT_VERSION = 5.0;
				TARGETED_DEVICE_FAMILY = "1,2";
				TEST_TARGET_NAME = wavelength;
			};
			name = Release;
		};
/* End XCBuildConfiguration section */

/* Begin XCConfigurationList section */
		E49215B72C17AEF200A52F45 /* Build configuration list for PBXProject "wavelength" */ = {
			isa = XCConfigurationList;
			buildConfigurations = (
				E49215DE2C17AEF300A52F45 /* Debug */,
				E49215DF2C17AEF300A52F45 /* Release */,
			);
			defaultConfigurationIsVisible = 0;
			defaultConfigurationName = Release;
		};
		E49215E02C17AEF300A52F45 /* Build configuration list for PBXNativeTarget "wavelength" */ = {
			isa = XCConfigurationList;
			buildConfigurations = (
				E49215E12C17AEF300A52F45 /* Debug */,
				E49215E22C17AEF300A52F45 /* Release */,
			);
			defaultConfigurationIsVisible = 0;
			defaultConfigurationName = Release;
		};
		E49215E32C17AEF300A52F45 /* Build configuration list for PBXNativeTarget "wavelengthTests" */ = {
			isa = XCConfigurationList;
			buildConfigurations = (
				E49215E42C17AEF300A52F45 /* Debug */,
				E49215E52C17AEF300A52F45 /* Release */,
			);
			defaultConfigurationIsVisible = 0;
			defaultConfigurationName = Release;
		};
		E49215E62C17AEF300A52F45 /* Build configuration list for PBXNativeTarget "wavelengthUITests" */ = {
			isa = XCConfigurationList;
			buildConfigurations = (
				E49215E72C17AEF300A52F45 /* Debug */,
				E49215E82C17AEF300A52F45 /* Release */,
			);
			defaultConfigurationIsVisible = 0;
			defaultConfigurationName = Release;
		};
/* End XCConfigurationList section */
	};
	rootObject = E49215B42C17AEF200A52F45 /* Project object */;
}
